
Microsoft Visual Studio Solution File, Format Version 12.00
# Visual Studio 15
VisualStudioVersion = 15.0.27130.2010
MinimumVisualStudioVersion = 10.0.40219.1
Project("{FAE04EC0-301F-11D3-BF4B-00C04F79EFBC}") = "MinGUI", "MinGUI\MinGUI.csproj", "{674338CF-5F0F-4430-A65F-8F0C27AD3F01}"
EndProject
Global
	GlobalSection(SolutionConfigurationPlatforms) = preSolution
		Debug|Any CPU = Debug|Any CPU
		Release|Any CPU = Release|Any CPU
	EndGlobalSection
	GlobalSection(ProjectConfigurationPlatforms) = postSolution
		{674338CF-5F0F-4430-A65F-8F0C27AD3F01}.Debug|Any CPU.ActiveCfg = Debug|Any CPU
		{674338CF-5F0F-4430-A65F-8F0C27AD3F01}.Debug|Any CPU.Build.0 = Debug|Any CPU
		{674338CF-5F0F-4430-A65F-8F0C27AD3F01}.Release|Any CPU.ActiveCfg = Release|Any CPU
		{674338CF-5F0F-4430-A65F-8F0C27AD3F01}.Release|Any CPU.Build.0 = Release|Any CPU
	EndGlobalSection
	GlobalSection(SolutionProperties) = preSolution
		HideSolutionNode = FALSE
	EndGlobalSection
	GlobalSection(ExtensibilityGlobals) = postSolution
		SolutionGuid = {2FAE28CA-29B4-4513-9857-E1CF083D6BCC}
	EndGlobalSection
EndGlobal
